
Microsoft Visual Studio Solution File, Format Version 12.00
# Visual Studio Version 17
VisualStudioVersion = 17.14.36705.20 d17.14
MinimumVisualStudioVersion = 10.0.40219.1
Project("{FAE04EC0-301F-11D3-BF4B-00C04F79EFBC}") = "Football_ExampleCode", "Football_ExampleCode\Football_ExampleCode.csproj", "{0C8E6EAF-091A-4C62-813A-66F05B0C0439}"
EndProject
Global
	GlobalSection(SolutionConfigurationPlatforms) = preSolution
		Debug|Any CPU = Debug|Any CPU
		Release|Any CPU = Release|Any CPU
	EndGlobalSection
	GlobalSection(ProjectConfigurationPlatforms) = postSolution
		{0C8E6EAF-091A-4C62-813A-66F05B0C0439}.Debug|Any CPU.ActiveCfg = Debug|Any CPU
		{0C8E6EAF-091A-4C62-813A-66F05B0C0439}.Debug|Any CPU.Build.0 = Debug|Any CPU
		{0C8E6EAF-091A-4C62-813A-66F05B0C0439}.Release|Any CPU.ActiveCfg = Release|Any CPU
		{0C8E6EAF-091A-4C62-813A-66F05B0C0439}.Release|Any CPU.Build.0 = Release|Any CPU
	EndGlobalSection
	GlobalSection(SolutionProperties) = preSolution
		HideSolutionNode = FALSE
	EndGlobalSection
	GlobalSection(ExtensibilityGlobals) = postSolution
		SolutionGuid = {D9B5A6C2-010F-45A3-BB06-D3E9A9C377C0}
	EndGlobalSection
EndGlobal
